
Microsoft Visual Studio Solution File, Format Version 12.00
# Visual Studio Version 17
VisualStudioVersion = 17.11.35327.3
MinimumVisualStudioVersion = 10.0.40219.1
Project("{FAE04EC0-301F-11D3-BF4B-00C04F79EFBC}") = "DataStruct.Tests", "DataStruct.Tests\DataStruct.Tests.csproj", "{C1DD97E4-264C-4F14-811A-04FBC97DFF25}"
EndProject
Project("{FAE04EC0-301F-11D3-BF4B-00C04F79EFBC}") = "DataStruct.Lib", "DataStruct.Lib\DataStruct.Lib.csproj", "{C75D90FD-C463-4EEF-8150-0EB8D9DB5187}"
EndProject
Global
	GlobalSection(SolutionConfigurationPlatforms) = preSolution
		Debug|Any CPU = Debug|Any CPU
		Release|Any CPU = Release|Any CPU
	EndGlobalSection
	GlobalSection(ProjectConfigurationPlatforms) = postSolution
		{C1DD97E4-264C-4F14-811A-04FBC97DFF25}.Debug|Any CPU.ActiveCfg = Debug|Any CPU
		{C1DD97E4-264C-4F14-811A-04FBC97DFF25}.Debug|Any CPU.Build.0 = Debug|Any CPU
		{C1DD97E4-264C-4F14-811A-04FBC97DFF25}.Release|Any CPU.ActiveCfg = Release|Any CPU
		{C1DD97E4-264C-4F14-811A-04FBC97DFF25}.Release|Any CPU.Build.0 = Release|Any CPU
		{C75D90FD-C463-4EEF-8150-0EB8D9DB5187}.Debug|Any CPU.ActiveCfg = Debug|Any CPU
		{C75D90FD-C463-4EEF-8150-0EB8D9DB5187}.Debug|Any CPU.Build.0 = Debug|Any CPU
		{C75D90FD-C463-4EEF-8150-0EB8D9DB5187}.Release|Any CPU.ActiveCfg = Release|Any CPU
		{C75D90FD-C463-4EEF-8150-0EB8D9DB5187}.Release|Any CPU.Build.0 = Release|Any CPU
	EndGlobalSection
	GlobalSection(SolutionProperties) = preSolution
		HideSolutionNode = FALSE
	EndGlobalSection
	GlobalSection(ExtensibilityGlobals) = postSolution
		SolutionGuid = {FFCF4727-7991-4056-8CD4-AC97CA424F0B}
	EndGlobalSection
EndGlobal
